
Microsoft Visual Studio Solution File, Format Version 12.00
# Visual Studio Version 17
VisualStudioVersion = 17.14.36414.22 d17.14
MinimumVisualStudioVersion = 10.0.40219.1
Project("{FAE04EC0-301F-11D3-BF4B-00C04F79EFBC}") = "Messenger", "Messenger.csproj", "{B58E4613-8755-455A-9E96-42EC08F8890D}"
EndProject
Global
	GlobalSection(SolutionConfigurationPlatforms) = preSolution
		Debug|Any CPU = Debug|Any CPU
		Release|Any CPU = Release|Any CPU
	EndGlobalSection
	GlobalSection(ProjectConfigurationPlatforms) = postSolution
		{B58E4613-8755-455A-9E96-42EC08F8890D}.Debug|Any CPU.ActiveCfg = Debug|Any CPU
		{B58E4613-8755-455A-9E96-42EC08F8890D}.Debug|Any CPU.Build.0 = Debug|Any CPU
		{B58E4613-8755-455A-9E96-42EC08F8890D}.Release|Any CPU.ActiveCfg = Release|Any CPU
		{B58E4613-8755-455A-9E96-42EC08F8890D}.Release|Any CPU.Build.0 = Release|Any CPU
	EndGlobalSection
	GlobalSection(SolutionProperties) = preSolution
		HideSolutionNode = FALSE
	EndGlobalSection
	GlobalSection(ExtensibilityGlobals) = postSolution
		SolutionGuid = {F077CEC4-626B-438A-B109-F16566A1142A}
	EndGlobalSection
EndGlobal
